
Microsoft Visual Studio Solution File, Format Version 12.00
# Visual Studio 15
VisualStudioVersion = 15.0.26730.12
MinimumVisualStudioVersion = 10.0.40219.1
Project("{FAE04EC0-301F-11D3-BF4B-00C04F79EFBC}") = "evansCapstone", "evansCapstone\evansCapstone.csproj", "{DCB56D02-94BE-43FD-9DD3-E205DF87F165}"
EndProject
Global
	GlobalSection(SolutionConfigurationPlatforms) = preSolution
		Debug|Any CPU = Debug|Any CPU
		Release|Any CPU = Release|Any CPU
	EndGlobalSection
	GlobalSection(ProjectConfigurationPlatforms) = postSolution
		{DCB56D02-94BE-43FD-9DD3-E205DF87F165}.Debug|Any CPU.ActiveCfg = Debug|Any CPU
		{DCB56D02-94BE-43FD-9DD3-E205DF87F165}.Debug|Any CPU.Build.0 = Debug|Any CPU
		{DCB56D02-94BE-43FD-9DD3-E205DF87F165}.Release|Any CPU.ActiveCfg = Release|Any CPU
		{DCB56D02-94BE-43FD-9DD3-E205DF87F165}.Release|Any CPU.Build.0 = Release|Any CPU
	EndGlobalSection
	GlobalSection(SolutionProperties) = preSolution
		HideSolutionNode = FALSE
	EndGlobalSection
	GlobalSection(ExtensibilityGlobals) = postSolution
		SolutionGuid = {E624FD8A-DDC4-4E59-80AA-625A907D6956}
	EndGlobalSection
EndGlobal
